
Microsoft Visual Studio Solution File, Format Version 12.00
# Visual Studio Version 17
VisualStudioVersion = 17.7.34031.279
MinimumVisualStudioVersion = 10.0.40219.1
Project("{FAE04EC0-301F-11D3-BF4B-00C04F79EFBC}") = "KCSConsoleTest", "KCSConsoleTest\KCSConsoleTest.csproj", "{36498CE3-A188-418E-9D99-5006194EFE8E}"
EndProject
Project("{FAE04EC0-301F-11D3-BF4B-00C04F79EFBC}") = "KCSConsoleTest.UnitTest", "KCSConsoleTest.UnitTest\KCSConsoleTest.UnitTest.csproj", "{3F481C8D-BF47-4C26-B514-B27778D01BF7}"
EndProject
Global
	GlobalSection(SolutionConfigurationPlatforms) = preSolution
		Debug|Any CPU = Debug|Any CPU
		Release|Any CPU = Release|Any CPU
	EndGlobalSection
	GlobalSection(ProjectConfigurationPlatforms) = postSolution
		{36498CE3-A188-418E-9D99-5006194EFE8E}.Debug|Any CPU.ActiveCfg = Debug|Any CPU
		{36498CE3-A188-418E-9D99-5006194EFE8E}.Debug|Any CPU.Build.0 = Debug|Any CPU
		{36498CE3-A188-418E-9D99-5006194EFE8E}.Release|Any CPU.ActiveCfg = Release|Any CPU
		{36498CE3-A188-418E-9D99-5006194EFE8E}.Release|Any CPU.Build.0 = Release|Any CPU
		{3F481C8D-BF47-4C26-B514-B27778D01BF7}.Debug|Any CPU.ActiveCfg = Debug|Any CPU
		{3F481C8D-BF47-4C26-B514-B27778D01BF7}.Debug|Any CPU.Build.0 = Debug|Any CPU
		{3F481C8D-BF47-4C26-B514-B27778D01BF7}.Release|Any CPU.ActiveCfg = Release|Any CPU
		{3F481C8D-BF47-4C26-B514-B27778D01BF7}.Release|Any CPU.Build.0 = Release|Any CPU
	EndGlobalSection
	GlobalSection(SolutionProperties) = preSolution
		HideSolutionNode = FALSE
	EndGlobalSection
	GlobalSection(ExtensibilityGlobals) = postSolution
		SolutionGuid = {F5C442E8-ECE5-4ACD-82D0-3E760AFBA90C}
	EndGlobalSection
EndGlobal
